
Microsoft Visual Studio Solution File, Format Version 12.00
Project("{FAE04EC0-301F-11D3-BF4B-00C04F79EFBC}") = "smart-graphics", "smart-graphics.csproj", "{0B36994E-DA13-4091-B244-6CDC0C7C3EDA}"
EndProject
Global
	GlobalSection(SolutionConfigurationPlatforms) = preSolution
		Debug|Any CPU = Debug|Any CPU
		Release|Any CPU = Release|Any CPU
	EndGlobalSection
	GlobalSection(ProjectConfigurationPlatforms) = postSolution
		{0B36994E-DA13-4091-B244-6CDC0C7C3EDA}.Debug|Any CPU.ActiveCfg = Debug|Any CPU
		{0B36994E-DA13-4091-B244-6CDC0C7C3EDA}.Debug|Any CPU.Build.0 = Debug|Any CPU
		{0B36994E-DA13-4091-B244-6CDC0C7C3EDA}.Release|Any CPU.ActiveCfg = Release|Any CPU
		{0B36994E-DA13-4091-B244-6CDC0C7C3EDA}.Release|Any CPU.Build.0 = Release|Any CPU
	EndGlobalSection
EndGlobal
